{
  "name": "AI_ML_DS_3",
  "lockfileVersion": 3,
  "requires": true,
  "packages": {
    "": {
      "dependencies": {
        "pptx": "^0.0.0"
      }
    },
    "node_modules/pptx": {
      "version": "0.0.0",
      "resolved": "https://registry.npmjs.org/pptx/-/pptx-0.0.0.tgz",
      "integrity": "sha512-Xp75biSCGawVGHp9emWXqJlnuolM8L43EByiyeTw2EUhN0Dk+NGj9+GgrHl3pGGc3hv6n4Ny+8X+6ycKonMQEA==",
      "license": "ISC"
    }
  }
}
